
Microsoft Visual Studio Solution File, Format Version 12.00
# Visual Studio Version 17
VisualStudioVersion = 17.12.35527.113
MinimumVisualStudioVersion = 10.0.40219.1
Project("{FAE04EC0-301F-11D3-BF4B-00C04F79EFBC}") = "Blazor_Web_App", "Blazor_Web_App\Blazor_Web_App.csproj", "{1C5004D7-B100-4181-B664-382F6CBD546E}"
EndProject
Project("{FAE04EC0-301F-11D3-BF4B-00C04F79EFBC}") = "API", "API\API.csproj", "{E8F4CA03-5492-405F-9B92-01F3567BF6A6}"
EndProject
Global
	GlobalSection(SolutionConfigurationPlatforms) = preSolution
		Debug|Any CPU = Debug|Any CPU
		Release|Any CPU = Release|Any CPU
	EndGlobalSection
	GlobalSection(ProjectConfigurationPlatforms) = postSolution
		{1C5004D7-B100-4181-B664-382F6CBD546E}.Debug|Any CPU.ActiveCfg = Debug|Any CPU
		{1C5004D7-B100-4181-B664-382F6CBD546E}.Debug|Any CPU.Build.0 = Debug|Any CPU
		{1C5004D7-B100-4181-B664-382F6CBD546E}.Release|Any CPU.ActiveCfg = Release|Any CPU
		{1C5004D7-B100-4181-B664-382F6CBD546E}.Release|Any CPU.Build.0 = Release|Any CPU
		{E8F4CA03-5492-405F-9B92-01F3567BF6A6}.Debug|Any CPU.ActiveCfg = Debug|Any CPU
		{E8F4CA03-5492-405F-9B92-01F3567BF6A6}.Debug|Any CPU.Build.0 = Debug|Any CPU
		{E8F4CA03-5492-405F-9B92-01F3567BF6A6}.Release|Any CPU.ActiveCfg = Release|Any CPU
		{E8F4CA03-5492-405F-9B92-01F3567BF6A6}.Release|Any CPU.Build.0 = Release|Any CPU
	EndGlobalSection
	GlobalSection(SolutionProperties) = preSolution
		HideSolutionNode = FALSE
	EndGlobalSection
EndGlobal
