
Microsoft Visual Studio Solution File, Format Version 12.00
# Visual Studio Version 17
VisualStudioVersion = 17.12.35527.113
MinimumVisualStudioVersion = 10.0.40219.1
Project("{FAE04EC0-301F-11D3-BF4B-00C04F79EFBC}") = "dapper", "dapper\dapper.csproj", "{A3DEC0FC-7A17-4AA3-A4CF-57D15A5F8E5F}"
EndProject
Project("{FAE04EC0-301F-11D3-BF4B-00C04F79EFBC}") = "Dapper2", "Dapper2\Dapper2.csproj", "{359B9C56-DA31-4DA1-99E5-B7C032C74F01}"
EndProject
Global
	GlobalSection(SolutionConfigurationPlatforms) = preSolution
		Debug|Any CPU = Debug|Any CPU
		Release|Any CPU = Release|Any CPU
	EndGlobalSection
	GlobalSection(ProjectConfigurationPlatforms) = postSolution
		{A3DEC0FC-7A17-4AA3-A4CF-57D15A5F8E5F}.Debug|Any CPU.ActiveCfg = Debug|Any CPU
		{A3DEC0FC-7A17-4AA3-A4CF-57D15A5F8E5F}.Debug|Any CPU.Build.0 = Debug|Any CPU
		{A3DEC0FC-7A17-4AA3-A4CF-57D15A5F8E5F}.Release|Any CPU.ActiveCfg = Release|Any CPU
		{A3DEC0FC-7A17-4AA3-A4CF-57D15A5F8E5F}.Release|Any CPU.Build.0 = Release|Any CPU
		{359B9C56-DA31-4DA1-99E5-B7C032C74F01}.Debug|Any CPU.ActiveCfg = Debug|Any CPU
		{359B9C56-DA31-4DA1-99E5-B7C032C74F01}.Debug|Any CPU.Build.0 = Debug|Any CPU
		{359B9C56-DA31-4DA1-99E5-B7C032C74F01}.Release|Any CPU.ActiveCfg = Release|Any CPU
		{359B9C56-DA31-4DA1-99E5-B7C032C74F01}.Release|Any CPU.Build.0 = Release|Any CPU
	EndGlobalSection
	GlobalSection(SolutionProperties) = preSolution
		HideSolutionNode = FALSE
	EndGlobalSection
EndGlobal
